Microsoft Visual Studio Solution File, Format Version 11.00
# Visual Studio 2008

Project("{A1DB7C7B-CC04-B2BA-243B-D18EB37D7140}") = "MidTerm - Tanks", "Assembly-CSharp.csproj", "{44F74C8E-91A1-B941-ADFD-5917E9AA9264}"
EndProject
Global
	GlobalSection(SolutionConfigurationPlatforms) = preSolution
		Debug|Any CPU = Debug|Any CPU
		Release|Any CPU = Release|Any CPU
	EndGlobalSection
	GlobalSection(ProjectConfigurationPlatforms) = postSolution
		{44F74C8E-91A1-B941-ADFD-5917E9AA9264}.Debug|Any CPU.ActiveCfg = Debug|Any CPU
		{44F74C8E-91A1-B941-ADFD-5917E9AA9264}.Debug|Any CPU.Build.0 = Debug|Any CPU
		{44F74C8E-91A1-B941-ADFD-5917E9AA9264}.Release|Any CPU.ActiveCfg = Release|Any CPU
		{44F74C8E-91A1-B941-ADFD-5917E9AA9264}.Release|Any CPU.Build.0 = Release|Any CPU
	EndGlobalSection
	GlobalSection(SolutionProperties) = preSolution
		HideSolutionNode = FALSE
	EndGlobalSection
	GlobalSection(MonoDevelopProperties) = preSolution
		StartupItem = Assembly-CSharp.csproj
	EndGlobalSection
EndGlobal
